{
  "name": "@innet/jsx-runtime",
  "version": "1.0.0",
  "lockfileVersion": 3,
  "requires": true,
  "packages": {
    "": {
      "name": "@innet/jsx-runtime",
      "version": "1.0.0",
      "license": "MIT",
      "dependencies": {
        "@innet/jsx": "^2.1.0"
      }
    },
    "node_modules/@innet/jsx": {
      "version": "2.1.0",
      "resolved": "https://registry.npmjs.org/@innet/jsx/-/jsx-2.1.0.tgz",
      "integrity": "sha512-B9MHpzQpOCqqdf7ls7qXYODIDuNWAzWeeb5JHjz/dxKzWuIJhN2BpkzujxMQwEPUlJbTK01E5QNfLMiHVxO68A==",
      "license": "MIT",
      "dependencies": {
        "innet": "^2.1.0"
      }
    },
    "node_modules/innet": {
      "version": "2.1.0",
      "resolved": "https://registry.npmjs.org/innet/-/innet-2.1.0.tgz",
      "integrity": "sha512-J1WWZtJBm7/c0FJAZnIpcLc6jkM35HYbSDR6/L2CKu7gSckNauD2jGVNnlt23wgUb4CjHheclN4Jm0xBG4s70w==",
      "license": "MIT",
      "dependencies": {
        "queue-nano-task": "^1.0.0"
      }
    },
    "node_modules/queue-nano-task": {
      "version": "1.0.0",
      "resolved": "https://registry.npmjs.org/queue-nano-task/-/queue-nano-task-1.0.0.tgz",
      "integrity": "sha512-QD6Wu2R3fPZ0d0Rzt7VHVq0VoygxUxRa/rEDttCGddtnKm5Hy95oULt/p9tvNAQYoxPfJwkKnKI05DmKzCwjbA==",
      "license": "MIT"
    }
  }
}
